
Microsoft Visual Studio Solution File, Format Version 12.00
# Visual Studio 15
VisualStudioVersion = 15.0.27703.2000
MinimumVisualStudioVersion = 10.0.40219.1
Project("{FAE04EC0-301F-11D3-BF4B-00C04F79EFBC}") = "01_Inheritance", "01_Inheritance\01_Inheritance.csproj", "{DF5515C3-494C-4622-812E-55B062CE9F41}"
EndProject
Project("{FAE04EC0-301F-11D3-BF4B-00C04F79EFBC}") = "02_Inheritance", "02_Inheritance\02_Inheritance.csproj", "{2E6CACCB-DEBC-48C2-B5AB-98C711E427F5}"
EndProject
Project("{FAE04EC0-301F-11D3-BF4B-00C04F79EFBC}") = "03_Constructors", "03_Constructors\03_Constructors.csproj", "{5839EE8C-DFD6-4389-98EF-0E72967EC318}"
EndProject
Project("{FAE04EC0-301F-11D3-BF4B-00C04F79EFBC}") = "04_Constructors", "04_Constructors\04_Constructors.csproj", "{57E5099B-5B79-45A3-ABEC-BF0E5A344688}"
EndProject
Project("{FAE04EC0-301F-11D3-BF4B-00C04F79EFBC}") = "05_Inheritance", "05_Inheritance\05_Inheritance.csproj", "{BE039330-18FB-411E-8581-3FE4FD67C223}"
EndProject
Global
	GlobalSection(SolutionConfigurationPlatforms) = preSolution
		Debug|Any CPU = Debug|Any CPU
		Release|Any CPU = Release|Any CPU
	EndGlobalSection
	GlobalSection(ProjectConfigurationPlatforms) = postSolution
		{DF5515C3-494C-4622-812E-55B062CE9F41}.Debug|Any CPU.ActiveCfg = Debug|Any CPU
		{DF5515C3-494C-4622-812E-55B062CE9F41}.Debug|Any CPU.Build.0 = Debug|Any CPU
		{DF5515C3-494C-4622-812E-55B062CE9F41}.Release|Any CPU.ActiveCfg = Release|Any CPU
		{DF5515C3-494C-4622-812E-55B062CE9F41}.Release|Any CPU.Build.0 = Release|Any CPU
		{2E6CACCB-DEBC-48C2-B5AB-98C711E427F5}.Debug|Any CPU.ActiveCfg = Debug|Any CPU
		{2E6CACCB-DEBC-48C2-B5AB-98C711E427F5}.Debug|Any CPU.Build.0 = Debug|Any CPU
		{2E6CACCB-DEBC-48C2-B5AB-98C711E427F5}.Release|Any CPU.ActiveCfg = Release|Any CPU
		{2E6CACCB-DEBC-48C2-B5AB-98C711E427F5}.Release|Any CPU.Build.0 = Release|Any CPU
		{5839EE8C-DFD6-4389-98EF-0E72967EC318}.Debug|Any CPU.ActiveCfg = Debug|Any CPU
		{5839EE8C-DFD6-4389-98EF-0E72967EC318}.Debug|Any CPU.Build.0 = Debug|Any CPU
		{5839EE8C-DFD6-4389-98EF-0E72967EC318}.Release|Any CPU.ActiveCfg = Release|Any CPU
		{5839EE8C-DFD6-4389-98EF-0E72967EC318}.Release|Any CPU.Build.0 = Release|Any CPU
		{57E5099B-5B79-45A3-ABEC-BF0E5A344688}.Debug|Any CPU.ActiveCfg = Debug|Any CPU
		{57E5099B-5B79-45A3-ABEC-BF0E5A344688}.Debug|Any CPU.Build.0 = Debug|Any CPU
		{57E5099B-5B79-45A3-ABEC-BF0E5A344688}.Release|Any CPU.ActiveCfg = Release|Any CPU
		{57E5099B-5B79-45A3-ABEC-BF0E5A344688}.Release|Any CPU.Build.0 = Release|Any CPU
		{BE039330-18FB-411E-8581-3FE4FD67C223}.Debug|Any CPU.ActiveCfg = Debug|Any CPU
		{BE039330-18FB-411E-8581-3FE4FD67C223}.Debug|Any CPU.Build.0 = Debug|Any CPU
		{BE039330-18FB-411E-8581-3FE4FD67C223}.Release|Any CPU.ActiveCfg = Release|Any CPU
		{BE039330-18FB-411E-8581-3FE4FD67C223}.Release|Any CPU.Build.0 = Release|Any CPU
	EndGlobalSection
	GlobalSection(SolutionProperties) = preSolution
		HideSolutionNode = FALSE
	EndGlobalSection
	GlobalSection(ExtensibilityGlobals) = postSolution
		SolutionGuid = {E2340871-ED5C-4DA4-8901-5A1B38FDC71B}
	EndGlobalSection
EndGlobal
