
Microsoft Visual Studio Solution File, Format Version 12.00
# Visual Studio 15
VisualStudioVersion = 15.0.27703.2000
MinimumVisualStudioVersion = 10.0.40219.1
Project("{FAE04EC0-301F-11D3-BF4B-00C04F79EFBC}") = "01_Inheritance", "01_Inheritance\01_Inheritance.csproj", "{DF5515C3-494C-4622-812E-55B062CE9F41}"
EndProject
Project("{FAE04EC0-301F-11D3-BF4B-00C04F79EFBC}") = "02_Inheritance", "02_Inheritance\02_Inheritance.csproj", "{2E6CACCB-DEBC-48C2-B5AB-98C711E427F5}"
EndProject
Project("{FAE04EC0-301F-11D3-BF4B-00C04F79EFBC}") = "03_Constructors", "03_Constructors\03_Constructors.csproj", "{5839EE8C-DFD6-4389-98EF-0E72967EC318}"
EndProject
Project("{FAE04EC0-301F-11D3-BF4B-00C04F79EFBC}") = "04_Constructors", "04_Constructors\04_Constructors.csproj", "{57E5099B-5B79-45A3-ABEC-BF0E5A344688}"
EndProject
Project("{FAE04EC0-301F-11D3-BF4B-00C04F79EFBC}") = "05_Inheritance", "05_Inheritance\05_Inheritance.csproj", "{BE039330-18FB-411E-8581-3FE4FD67C223}"
EndProject
Project("{FAE04EC0-301F-11D3-BF4B-00C04F79EFBC}") = "06_Inheritance", "06_Inheritance\06_Inheritance.csproj", "{F52B4393-6F12-42E7-863D-89FFD1D433E5}"
EndProject
Project("{FAE04EC0-301F-11D3-BF4B-00C04F79EFBC}") = "07_Virtual", "07_Virtual\07_Virtual.csproj", "{94856955-8E0E-4512-A9F8-4EA766DFC80C}"
EndProject
Project("{FAE04EC0-301F-11D3-BF4B-00C04F79EFBC}") = "08_base.Method", "08_base.Method\08_base.Method.csproj", "{E7C21248-1DD1-4D91-ACDB-1FE8EAD9797B}"
EndProject
Project("{FAE04EC0-301F-11D3-BF4B-00C04F79EFBC}") = "09_IsAs", "09_IsAs\09_IsAs.csproj", "{4D4A48E3-9E92-4F87-8463-7EC543924AA3}"
EndProject
Project("{FAE04EC0-301F-11D3-BF4B-00C04F79EFBC}") = "10_As", "10_As\10_As.csproj", "{FE565ACE-1FE7-484E-9F11-E255FB8615C2}"
EndProject
Project("{FAE04EC0-301F-11D3-BF4B-00C04F79EFBC}") = "11_Sealed", "11_Sealed\11_Sealed.csproj", "{907FEBFD-CA68-4E0F-AB4A-6F6FA40BA71B}"
EndProject
Project("{FAE04EC0-301F-11D3-BF4B-00C04F79EFBC}") = "12_SealedMethods", "12_SealedMethods\12_SealedMethods.csproj", "{0E22DEE1-DB15-463F-BA15-A13F5FDD0019}"
EndProject
Project("{FAE04EC0-301F-11D3-BF4B-00C04F79EFBC}") = "13_Poly", "13_Poly\13_Poly.csproj", "{D4465895-CD4F-483B-9F69-47E831C03C23}"
EndProject
Global
	GlobalSection(SolutionConfigurationPlatforms) = preSolution
		Debug|Any CPU = Debug|Any CPU
		Release|Any CPU = Release|Any CPU
	EndGlobalSection
	GlobalSection(ProjectConfigurationPlatforms) = postSolution
		{DF5515C3-494C-4622-812E-55B062CE9F41}.Debug|Any CPU.ActiveCfg = Debug|Any CPU
		{DF5515C3-494C-4622-812E-55B062CE9F41}.Debug|Any CPU.Build.0 = Debug|Any CPU
		{DF5515C3-494C-4622-812E-55B062CE9F41}.Release|Any CPU.ActiveCfg = Release|Any CPU
		{DF5515C3-494C-4622-812E-55B062CE9F41}.Release|Any CPU.Build.0 = Release|Any CPU
		{2E6CACCB-DEBC-48C2-B5AB-98C711E427F5}.Debug|Any CPU.ActiveCfg = Debug|Any CPU
		{2E6CACCB-DEBC-48C2-B5AB-98C711E427F5}.Debug|Any CPU.Build.0 = Debug|Any CPU
		{2E6CACCB-DEBC-48C2-B5AB-98C711E427F5}.Release|Any CPU.ActiveCfg = Release|Any CPU
		{2E6CACCB-DEBC-48C2-B5AB-98C711E427F5}.Release|Any CPU.Build.0 = Release|Any CPU
		{5839EE8C-DFD6-4389-98EF-0E72967EC318}.Debug|Any CPU.ActiveCfg = Debug|Any CPU
		{5839EE8C-DFD6-4389-98EF-0E72967EC318}.Debug|Any CPU.Build.0 = Debug|Any CPU
		{5839EE8C-DFD6-4389-98EF-0E72967EC318}.Release|Any CPU.ActiveCfg = Release|Any CPU
		{5839EE8C-DFD6-4389-98EF-0E72967EC318}.Release|Any CPU.Build.0 = Release|Any CPU
		{57E5099B-5B79-45A3-ABEC-BF0E5A344688}.Debug|Any CPU.ActiveCfg = Debug|Any CPU
		{57E5099B-5B79-45A3-ABEC-BF0E5A344688}.Debug|Any CPU.Build.0 = Debug|Any CPU
		{57E5099B-5B79-45A3-ABEC-BF0E5A344688}.Release|Any CPU.ActiveCfg = Release|Any CPU
		{57E5099B-5B79-45A3-ABEC-BF0E5A344688}.Release|Any CPU.Build.0 = Release|Any CPU
		{BE039330-18FB-411E-8581-3FE4FD67C223}.Debug|Any CPU.ActiveCfg = Debug|Any CPU
		{BE039330-18FB-411E-8581-3FE4FD67C223}.Debug|Any CPU.Build.0 = Debug|Any CPU
		{BE039330-18FB-411E-8581-3FE4FD67C223}.Release|Any CPU.ActiveCfg = Release|Any CPU
		{BE039330-18FB-411E-8581-3FE4FD67C223}.Release|Any CPU.Build.0 = Release|Any CPU
		{F52B4393-6F12-42E7-863D-89FFD1D433E5}.Debug|Any CPU.ActiveCfg = Debug|Any CPU
		{F52B4393-6F12-42E7-863D-89FFD1D433E5}.Debug|Any CPU.Build.0 = Debug|Any CPU
		{F52B4393-6F12-42E7-863D-89FFD1D433E5}.Release|Any CPU.ActiveCfg = Release|Any CPU
		{F52B4393-6F12-42E7-863D-89FFD1D433E5}.Release|Any CPU.Build.0 = Release|Any CPU
		{94856955-8E0E-4512-A9F8-4EA766DFC80C}.Debug|Any CPU.ActiveCfg = Debug|Any CPU
		{94856955-8E0E-4512-A9F8-4EA766DFC80C}.Debug|Any CPU.Build.0 = Debug|Any CPU
		{94856955-8E0E-4512-A9F8-4EA766DFC80C}.Release|Any CPU.ActiveCfg = Release|Any CPU
		{94856955-8E0E-4512-A9F8-4EA766DFC80C}.Release|Any CPU.Build.0 = Release|Any CPU
		{E7C21248-1DD1-4D91-ACDB-1FE8EAD9797B}.Debug|Any CPU.ActiveCfg = Debug|Any CPU
		{E7C21248-1DD1-4D91-ACDB-1FE8EAD9797B}.Debug|Any CPU.Build.0 = Debug|Any CPU
		{E7C21248-1DD1-4D91-ACDB-1FE8EAD9797B}.Release|Any CPU.ActiveCfg = Release|Any CPU
		{E7C21248-1DD1-4D91-ACDB-1FE8EAD9797B}.Release|Any CPU.Build.0 = Release|Any CPU
		{4D4A48E3-9E92-4F87-8463-7EC543924AA3}.Debug|Any CPU.ActiveCfg = Debug|Any CPU
		{4D4A48E3-9E92-4F87-8463-7EC543924AA3}.Debug|Any CPU.Build.0 = Debug|Any CPU
		{4D4A48E3-9E92-4F87-8463-7EC543924AA3}.Release|Any CPU.ActiveCfg = Release|Any CPU
		{4D4A48E3-9E92-4F87-8463-7EC543924AA3}.Release|Any CPU.Build.0 = Release|Any CPU
		{FE565ACE-1FE7-484E-9F11-E255FB8615C2}.Debug|Any CPU.ActiveCfg = Debug|Any CPU
		{FE565ACE-1FE7-484E-9F11-E255FB8615C2}.Debug|Any CPU.Build.0 = Debug|Any CPU
		{FE565ACE-1FE7-484E-9F11-E255FB8615C2}.Release|Any CPU.ActiveCfg = Release|Any CPU
		{FE565ACE-1FE7-484E-9F11-E255FB8615C2}.Release|Any CPU.Build.0 = Release|Any CPU
		{907FEBFD-CA68-4E0F-AB4A-6F6FA40BA71B}.Debug|Any CPU.ActiveCfg = Debug|Any CPU
		{907FEBFD-CA68-4E0F-AB4A-6F6FA40BA71B}.Debug|Any CPU.Build.0 = Debug|Any CPU
		{907FEBFD-CA68-4E0F-AB4A-6F6FA40BA71B}.Release|Any CPU.ActiveCfg = Release|Any CPU
		{907FEBFD-CA68-4E0F-AB4A-6F6FA40BA71B}.Release|Any CPU.Build.0 = Release|Any CPU
		{0E22DEE1-DB15-463F-BA15-A13F5FDD0019}.Debug|Any CPU.ActiveCfg = Debug|Any CPU
		{0E22DEE1-DB15-463F-BA15-A13F5FDD0019}.Debug|Any CPU.Build.0 = Debug|Any CPU
		{0E22DEE1-DB15-463F-BA15-A13F5FDD0019}.Release|Any CPU.ActiveCfg = Release|Any CPU
		{0E22DEE1-DB15-463F-BA15-A13F5FDD0019}.Release|Any CPU.Build.0 = Release|Any CPU
		{D4465895-CD4F-483B-9F69-47E831C03C23}.Debug|Any CPU.ActiveCfg = Debug|Any CPU
		{D4465895-CD4F-483B-9F69-47E831C03C23}.Debug|Any CPU.Build.0 = Debug|Any CPU
		{D4465895-CD4F-483B-9F69-47E831C03C23}.Release|Any CPU.ActiveCfg = Release|Any CPU
		{D4465895-CD4F-483B-9F69-47E831C03C23}.Release|Any CPU.Build.0 = Release|Any CPU
	EndGlobalSection
	GlobalSection(SolutionProperties) = preSolution
		HideSolutionNode = FALSE
	EndGlobalSection
	GlobalSection(ExtensibilityGlobals) = postSolution
		SolutionGuid = {E2340871-ED5C-4DA4-8901-5A1B38FDC71B}
	EndGlobalSection
EndGlobal
